
Microsoft Visual Studio Solution File, Format Version 11.00
# Visual Studio 2010
Project("{FAE04EC0-301F-11D3-BF4B-00C04F79EFBC}") = "Assembly-CSharp", "Assembly-CSharp.csproj", "{81007536-bcfd-a4ae-9d59-e488e4626e3b}"
EndProject
Global
	GlobalSection(SolutionConfigurationPlatforms) = preSolution
		Debug|Any CPU = Debug|Any CPU
		Release|Any CPU = Release|Any CPU
	EndGlobalSection
	GlobalSection(ProjectConfigurationPlatforms) = postSolution
		{81007536-bcfd-a4ae-9d59-e488e4626e3b}.Debug|Any CPU.ActiveCfg = Debug|Any CPU
		{81007536-bcfd-a4ae-9d59-e488e4626e3b}.Debug|Any CPU.Build.0 = Debug|Any CPU
		{81007536-bcfd-a4ae-9d59-e488e4626e3b}.Release|Any CPU.ActiveCfg = Release|Any CPU
		{81007536-bcfd-a4ae-9d59-e488e4626e3b}.Release|Any CPU.Build.0 = Release|Any CPU
	EndGlobalSection
	GlobalSection(SolutionProperties) = preSolution
		HideSolutionNode = FALSE
	EndGlobalSection
EndGlobal
